
Microsoft Visual Studio Solution File, Format Version 12.00
# Visual Studio Version 17
VisualStudioVersion = 17.13.35913.81 d17.13
MinimumVisualStudioVersion = 10.0.40219.1
Project("{8BC9CEB8-8B4A-11D0-8D11-00A0C91BC942}") = "проб", "проб\проб.vcxproj", "{69F6B9FC-4557-4D69-B9C6-115613473898}"
EndProject
Global
	GlobalSection(SolutionConfigurationPlatforms) = preSolution
		Debug|x64 = Debug|x64
		Debug|x86 = Debug|x86
		Release|x64 = Release|x64
		Release|x86 = Release|x86
	EndGlobalSection
	GlobalSection(ProjectConfigurationPlatforms) = postSolution
		{69F6B9FC-4557-4D69-B9C6-115613473898}.Debug|x64.ActiveCfg = Debug|x64
		{69F6B9FC-4557-4D69-B9C6-115613473898}.Debug|x64.Build.0 = Debug|x64
		{69F6B9FC-4557-4D69-B9C6-115613473898}.Debug|x86.ActiveCfg = Debug|Win32
		{69F6B9FC-4557-4D69-B9C6-115613473898}.Debug|x86.Build.0 = Debug|Win32
		{69F6B9FC-4557-4D69-B9C6-115613473898}.Release|x64.ActiveCfg = Release|x64
		{69F6B9FC-4557-4D69-B9C6-115613473898}.Release|x64.Build.0 = Release|x64
		{69F6B9FC-4557-4D69-B9C6-115613473898}.Release|x86.ActiveCfg = Release|Win32
		{69F6B9FC-4557-4D69-B9C6-115613473898}.Release|x86.Build.0 = Release|Win32
	EndGlobalSection
	GlobalSection(SolutionProperties) = preSolution
		HideSolutionNode = FALSE
	EndGlobalSection
	GlobalSection(ExtensibilityGlobals) = postSolution
		SolutionGuid = {E2CD4A78-71F0-4075-97A4-31D51BC61B94}
	EndGlobalSection
EndGlobal
